# THIS IS AN AUTOGENERATED FILE. DO NOT EDIT THIS FILE DIRECTLY.
# bun.lock
{
  "lockfileVersion": 1,
  "name": "portfolio-3d-cad",
  "version": "1.0.0",
  "dependencies": {
    "react": "^18.3.1",
    "react-dom": "^18.3.1",
    "three": "^0.169.0",
    "lucide-react": "^0.453.0",
    "clsx": "^2.1.1",
    "tailwind-merge": "^2.5.4"
  }
}
